
Microsoft Visual Studio Solution File, Format Version 12.00
# Visual Studio Version 16
VisualStudioVersion = 16.0.31321.278
MinimumVisualStudioVersion = 10.0.40219.1
Project("{FAE04EC0-301F-11D3-BF4B-00C04F79EFBC}") = "Bytebank.SistemaAgencia", "Bytebank.SistemaAgencia\Bytebank.SistemaAgencia.csproj", "{C55EE5CE-7D11-4504-8EEC-8116C9C7B6FA}"
EndProject
Project("{FAE04EC0-301F-11D3-BF4B-00C04F79EFBC}") = "ByteBank.Modelos", "ByteBank.Modelos\ByteBank.Modelos.csproj", "{B5A4ACFA-18E5-41AF-ADF6-8211D937B3C7}"
EndProject
Global
	GlobalSection(SolutionConfigurationPlatforms) = preSolution
		Debug|Any CPU = Debug|Any CPU
		Release|Any CPU = Release|Any CPU
	EndGlobalSection
	GlobalSection(ProjectConfigurationPlatforms) = postSolution
		{C55EE5CE-7D11-4504-8EEC-8116C9C7B6FA}.Debug|Any CPU.ActiveCfg = Debug|Any CPU
		{C55EE5CE-7D11-4504-8EEC-8116C9C7B6FA}.Debug|Any CPU.Build.0 = Debug|Any CPU
		{C55EE5CE-7D11-4504-8EEC-8116C9C7B6FA}.Release|Any CPU.ActiveCfg = Release|Any CPU
		{C55EE5CE-7D11-4504-8EEC-8116C9C7B6FA}.Release|Any CPU.Build.0 = Release|Any CPU
		{B5A4ACFA-18E5-41AF-ADF6-8211D937B3C7}.Debug|Any CPU.ActiveCfg = Debug|Any CPU
		{B5A4ACFA-18E5-41AF-ADF6-8211D937B3C7}.Debug|Any CPU.Build.0 = Debug|Any CPU
		{B5A4ACFA-18E5-41AF-ADF6-8211D937B3C7}.Release|Any CPU.ActiveCfg = Release|Any CPU
		{B5A4ACFA-18E5-41AF-ADF6-8211D937B3C7}.Release|Any CPU.Build.0 = Release|Any CPU
	EndGlobalSection
	GlobalSection(SolutionProperties) = preSolution
		HideSolutionNode = FALSE
	EndGlobalSection
	GlobalSection(ExtensibilityGlobals) = postSolution
		SolutionGuid = {9AE79C90-8B20-43A3-80FF-9D964BAD8F1B}
	EndGlobalSection
EndGlobal
